
Microsoft Visual Studio Solution File, Format Version 12.00
# Visual Studio 2013
VisualStudioVersion = 12.0.31101.0
MinimumVisualStudioVersion = 10.0.40219.1
Project("{2150E333-8FDC-42A3-9474-1A3956D46DE8}") = "Source", "Source", "{E17C9A4A-2739-46B6-849B-31100482F3B5}"
EndProject
Project("{2150E333-8FDC-42A3-9474-1A3956D46DE8}") = "Testing", "Testing", "{8410E8A2-22B1-40CE-AF74-7EDAD5EB25CB}"
EndProject
Project("{2150E333-8FDC-42A3-9474-1A3956D46DE8}") = "Build", "Build", "{E0D57268-582D-46A6-A5F8-95B4B4EF4A21}"
	ProjectSection(SolutionItems) = preProject
		..\README.md = ..\README.md
	EndProjectSection
EndProject
Project("{2150E333-8FDC-42A3-9474-1A3956D46DE8}") = "Properties", "Properties", "{350EA835-FD56-46D7-A1BF-127B79CE9AB6}"
	ProjectSection(SolutionItems) = preProject
		Build\Properties\AssemblyInfoShared.cs = Build\Properties\AssemblyInfoShared.cs
		Build\Properties\CodeAnalysis.ruleset = Build\Properties\CodeAnalysis.ruleset
		Build\Properties\CodeAnalysisDictionary.xml = Build\Properties\CodeAnalysisDictionary.xml
		Build\Properties\CodeAnalysisDictionary.xsd = Build\Properties\CodeAnalysisDictionary.xsd
		FileSystem.vssettings = FileSystem.vssettings
		Settings.StyleCop = Settings.StyleCop
	EndProjectSection
EndProject
Project("{2150E333-8FDC-42A3-9474-1A3956D46DE8}") = ".nuget", ".nuget", "{2FDCA3B5-82DC-49C8-A990-32399687ED0D}"
	ProjectSection(SolutionItems) = preProject
		.nuget\NuGet.Config = .nuget\NuGet.Config
		.nuget\NuGet.exe = .nuget\NuGet.exe
		.nuget\NuGet.targets = .nuget\NuGet.targets
	EndProjectSection
EndProject
Project("{FAE04EC0-301F-11D3-BF4B-00C04F79EFBC}") = "FileSystem.Labs", "Testing\FileSystem.Labs\FileSystem.Labs.csproj", "{762DB33C-543E-4596-8789-E2DF09CDF908}"
EndProject
Project("{FAE04EC0-301F-11D3-BF4B-00C04F79EFBC}") = "FileSystem.UnitTests", "Testing\FileSystem.UnitTests\FileSystem.UnitTests.csproj", "{73F9EB54-C6EF-42DF-802D-CEE62C66180B}"
EndProject
Project("{FAE04EC0-301F-11D3-BF4B-00C04F79EFBC}") = "FileSystem (win81-wpa81)", "Source\FileSystem (win81-wpa81)\FileSystem (win81-wpa81).csproj", "{C3617D49-C7A8-4E2A-AA67-009F39410BEF}"
EndProject
Project("{FAE04EC0-301F-11D3-BF4B-00C04F79EFBC}") = "FileSystem.Core", "Source\FileSystem.Core\FileSystem.Core.csproj", "{25C6F3C7-59A1-4686-8B59-FA568316746F}"
EndProject
Project("{FAE04EC0-301F-11D3-BF4B-00C04F79EFBC}") = "FileSystem (net451)", "Source\FileSystem (net451)\FileSystem (net451).csproj", "{7BE5F769-393A-4DE4-9444-3F805DDEEB3D}"
EndProject
Project("{FAE04EC0-301F-11D3-BF4B-00C04F79EFBC}") = "FileSystem (net40)", "Source\FileSystem (net40)\FileSystem (net40).csproj", "{CFE86CEE-8B7B-4415-9E52-E702C60FDBC6}"
EndProject
Global
	GlobalSection(SolutionConfigurationPlatforms) = preSolution
		Debug|Any CPU = Debug|Any CPU
		Release|Any CPU = Release|Any CPU
	EndGlobalSection
	GlobalSection(ProjectConfigurationPlatforms) = postSolution
		{762DB33C-543E-4596-8789-E2DF09CDF908}.Debug|Any CPU.ActiveCfg = Debug|Any CPU
		{762DB33C-543E-4596-8789-E2DF09CDF908}.Debug|Any CPU.Build.0 = Debug|Any CPU
		{762DB33C-543E-4596-8789-E2DF09CDF908}.Release|Any CPU.ActiveCfg = Release|Any CPU
		{762DB33C-543E-4596-8789-E2DF09CDF908}.Release|Any CPU.Build.0 = Release|Any CPU
		{73F9EB54-C6EF-42DF-802D-CEE62C66180B}.Debug|Any CPU.ActiveCfg = Debug|Any CPU
		{73F9EB54-C6EF-42DF-802D-CEE62C66180B}.Debug|Any CPU.Build.0 = Debug|Any CPU
		{73F9EB54-C6EF-42DF-802D-CEE62C66180B}.Release|Any CPU.ActiveCfg = Release|Any CPU
		{73F9EB54-C6EF-42DF-802D-CEE62C66180B}.Release|Any CPU.Build.0 = Release|Any CPU
		{C3617D49-C7A8-4E2A-AA67-009F39410BEF}.Debug|Any CPU.ActiveCfg = Debug|Any CPU
		{C3617D49-C7A8-4E2A-AA67-009F39410BEF}.Debug|Any CPU.Build.0 = Debug|Any CPU
		{C3617D49-C7A8-4E2A-AA67-009F39410BEF}.Release|Any CPU.ActiveCfg = Release|Any CPU
		{C3617D49-C7A8-4E2A-AA67-009F39410BEF}.Release|Any CPU.Build.0 = Release|Any CPU
		{25C6F3C7-59A1-4686-8B59-FA568316746F}.Debug|Any CPU.ActiveCfg = Debug|Any CPU
		{25C6F3C7-59A1-4686-8B59-FA568316746F}.Debug|Any CPU.Build.0 = Debug|Any CPU
		{25C6F3C7-59A1-4686-8B59-FA568316746F}.Release|Any CPU.ActiveCfg = Release|Any CPU
		{25C6F3C7-59A1-4686-8B59-FA568316746F}.Release|Any CPU.Build.0 = Release|Any CPU
		{7BE5F769-393A-4DE4-9444-3F805DDEEB3D}.Debug|Any CPU.ActiveCfg = Debug|Any CPU
		{7BE5F769-393A-4DE4-9444-3F805DDEEB3D}.Debug|Any CPU.Build.0 = Debug|Any CPU
		{7BE5F769-393A-4DE4-9444-3F805DDEEB3D}.Release|Any CPU.ActiveCfg = Release|Any CPU
		{7BE5F769-393A-4DE4-9444-3F805DDEEB3D}.Release|Any CPU.Build.0 = Release|Any CPU
		{CFE86CEE-8B7B-4415-9E52-E702C60FDBC6}.Debug|Any CPU.ActiveCfg = Debug|Any CPU
		{CFE86CEE-8B7B-4415-9E52-E702C60FDBC6}.Debug|Any CPU.Build.0 = Debug|Any CPU
		{CFE86CEE-8B7B-4415-9E52-E702C60FDBC6}.Release|Any CPU.ActiveCfg = Release|Any CPU
		{CFE86CEE-8B7B-4415-9E52-E702C60FDBC6}.Release|Any CPU.Build.0 = Release|Any CPU
	EndGlobalSection
	GlobalSection(SolutionProperties) = preSolution
		HideSolutionNode = FALSE
	EndGlobalSection
	GlobalSection(NestedProjects) = preSolution
		{350EA835-FD56-46D7-A1BF-127B79CE9AB6} = {E0D57268-582D-46A6-A5F8-95B4B4EF4A21}
		{2FDCA3B5-82DC-49C8-A990-32399687ED0D} = {E0D57268-582D-46A6-A5F8-95B4B4EF4A21}
		{762DB33C-543E-4596-8789-E2DF09CDF908} = {8410E8A2-22B1-40CE-AF74-7EDAD5EB25CB}
		{73F9EB54-C6EF-42DF-802D-CEE62C66180B} = {8410E8A2-22B1-40CE-AF74-7EDAD5EB25CB}
		{C3617D49-C7A8-4E2A-AA67-009F39410BEF} = {E17C9A4A-2739-46B6-849B-31100482F3B5}
		{25C6F3C7-59A1-4686-8B59-FA568316746F} = {E17C9A4A-2739-46B6-849B-31100482F3B5}
		{7BE5F769-393A-4DE4-9444-3F805DDEEB3D} = {E17C9A4A-2739-46B6-849B-31100482F3B5}
		{CFE86CEE-8B7B-4415-9E52-E702C60FDBC6} = {E17C9A4A-2739-46B6-849B-31100482F3B5}
	EndGlobalSection
EndGlobal
